
Microsoft Visual Studio Solution File, Format Version 12.00
# Visual Studio Version 17
VisualStudioVersion = 17.3.32811.315
MinimumVisualStudioVersion = 10.0.40219.1
Project("{FAE04EC0-301F-11D3-BF4B-00C04F79EFBC}") = "07 Run-length Encoding", "07 Run-length Encoding.csproj", "{C2AD88D6-399F-4FBD-B77B-6EFE021BE7A5}"
EndProject
Global
	GlobalSection(SolutionConfigurationPlatforms) = preSolution
		Debug|Any CPU = Debug|Any CPU
		Release|Any CPU = Release|Any CPU
	EndGlobalSection
	GlobalSection(ProjectConfigurationPlatforms) = postSolution
		{C2AD88D6-399F-4FBD-B77B-6EFE021BE7A5}.Debug|Any CPU.ActiveCfg = Debug|Any CPU
		{C2AD88D6-399F-4FBD-B77B-6EFE021BE7A5}.Debug|Any CPU.Build.0 = Debug|Any CPU
		{C2AD88D6-399F-4FBD-B77B-6EFE021BE7A5}.Release|Any CPU.ActiveCfg = Release|Any CPU
		{C2AD88D6-399F-4FBD-B77B-6EFE021BE7A5}.Release|Any CPU.Build.0 = Release|Any CPU
	EndGlobalSection
	GlobalSection(SolutionProperties) = preSolution
		HideSolutionNode = FALSE
	EndGlobalSection
	GlobalSection(ExtensibilityGlobals) = postSolution
		SolutionGuid = {BA93E44F-35CF-49A3-9881-FD0EF4A13993}
	EndGlobalSection
EndGlobal
