
Microsoft Visual Studio Solution File, Format Version 12.00
# Visual Studio Version 16
VisualStudioVersion = 16.0.33920.266
MinimumVisualStudioVersion = 10.0.40219.1
Project("{9A19103F-16F7-4668-BE54-9A1E7A4F7556}") = "00 Pendulum", "00 Pendulum.csproj", "{CF849932-4CCF-4C30-AF30-0281FBEA8756}"
EndProject
Global
	GlobalSection(SolutionConfigurationPlatforms) = preSolution
		Debug|Any CPU = Debug|Any CPU
		Release|Any CPU = Release|Any CPU
	EndGlobalSection
	GlobalSection(ProjectConfigurationPlatforms) = postSolution
		{CF849932-4CCF-4C30-AF30-0281FBEA8756}.Debug|Any CPU.ActiveCfg = Debug|Any CPU
		{CF849932-4CCF-4C30-AF30-0281FBEA8756}.Debug|Any CPU.Build.0 = Debug|Any CPU
		{CF849932-4CCF-4C30-AF30-0281FBEA8756}.Release|Any CPU.ActiveCfg = Release|Any CPU
		{CF849932-4CCF-4C30-AF30-0281FBEA8756}.Release|Any CPU.Build.0 = Release|Any CPU
	EndGlobalSection
	GlobalSection(SolutionProperties) = preSolution
		HideSolutionNode = FALSE
	EndGlobalSection
	GlobalSection(ExtensibilityGlobals) = postSolution
		SolutionGuid = {89E8234C-D593-415D-8BFD-95CD3E7E1369}
	EndGlobalSection
EndGlobal
