
Microsoft Visual Studio Solution File, Format Version 12.00
# Visual Studio Version 17
VisualStudioVersion = 17.3.32811.315
MinimumVisualStudioVersion = 10.0.40219.1
Project("{FAE04EC0-301F-11D3-BF4B-00C04F79EFBC}") = "00 Trial Exam", "00 Trial Exam.csproj", "{32BF53D6-120C-4436-958E-864C4C928E51}"
EndProject
Global
	GlobalSection(SolutionConfigurationPlatforms) = preSolution
		Debug|Any CPU = Debug|Any CPU
		Release|Any CPU = Release|Any CPU
	EndGlobalSection
	GlobalSection(ProjectConfigurationPlatforms) = postSolution
		{32BF53D6-120C-4436-958E-864C4C928E51}.Debug|Any CPU.ActiveCfg = Debug|Any CPU
		{32BF53D6-120C-4436-958E-864C4C928E51}.Debug|Any CPU.Build.0 = Debug|Any CPU
		{32BF53D6-120C-4436-958E-864C4C928E51}.Release|Any CPU.ActiveCfg = Release|Any CPU
		{32BF53D6-120C-4436-958E-864C4C928E51}.Release|Any CPU.Build.0 = Release|Any CPU
	EndGlobalSection
	GlobalSection(SolutionProperties) = preSolution
		HideSolutionNode = FALSE
	EndGlobalSection
	GlobalSection(ExtensibilityGlobals) = postSolution
		SolutionGuid = {ABC66273-89E0-49BB-A510-A8DE9CF21470}
	EndGlobalSection
EndGlobal
