
Microsoft Visual Studio Solution File, Format Version 12.00
# Visual Studio Version 17
VisualStudioVersion = 17.3.32811.315
MinimumVisualStudioVersion = 10.0.40219.1
Project("{FAE04EC0-301F-11D3-BF4B-00C04F79EFBC}") = "02 Minutes", "02 Minutes.csproj", "{1C7B8260-58AF-46FD-B70B-3EC06F710544}"
EndProject
Global
	GlobalSection(SolutionConfigurationPlatforms) = preSolution
		Debug|Any CPU = Debug|Any CPU
		Release|Any CPU = Release|Any CPU
	EndGlobalSection
	GlobalSection(ProjectConfigurationPlatforms) = postSolution
		{1C7B8260-58AF-46FD-B70B-3EC06F710544}.Debug|Any CPU.ActiveCfg = Debug|Any CPU
		{1C7B8260-58AF-46FD-B70B-3EC06F710544}.Debug|Any CPU.Build.0 = Debug|Any CPU
		{1C7B8260-58AF-46FD-B70B-3EC06F710544}.Release|Any CPU.ActiveCfg = Release|Any CPU
		{1C7B8260-58AF-46FD-B70B-3EC06F710544}.Release|Any CPU.Build.0 = Release|Any CPU
	EndGlobalSection
	GlobalSection(SolutionProperties) = preSolution
		HideSolutionNode = FALSE
	EndGlobalSection
	GlobalSection(ExtensibilityGlobals) = postSolution
		SolutionGuid = {B8345717-F860-46BC-8C39-B92A0F5546AB}
	EndGlobalSection
EndGlobal
