
Microsoft Visual Studio Solution File, Format Version 12.00
# Visual Studio Version 17
VisualStudioVersion = 17.3.32811.315
MinimumVisualStudioVersion = 10.0.40219.1
Project("{FAE04EC0-301F-11D3-BF4B-00C04F79EFBC}") = "02 Average", "02 Average.csproj", "{9C1F20F8-D530-4239-9AAC-2D70FEB6CFDA}"
EndProject
Global
	GlobalSection(SolutionConfigurationPlatforms) = preSolution
		Debug|Any CPU = Debug|Any CPU
		Release|Any CPU = Release|Any CPU
	EndGlobalSection
	GlobalSection(ProjectConfigurationPlatforms) = postSolution
		{9C1F20F8-D530-4239-9AAC-2D70FEB6CFDA}.Debug|Any CPU.ActiveCfg = Debug|Any CPU
		{9C1F20F8-D530-4239-9AAC-2D70FEB6CFDA}.Debug|Any CPU.Build.0 = Debug|Any CPU
		{9C1F20F8-D530-4239-9AAC-2D70FEB6CFDA}.Release|Any CPU.ActiveCfg = Release|Any CPU
		{9C1F20F8-D530-4239-9AAC-2D70FEB6CFDA}.Release|Any CPU.Build.0 = Release|Any CPU
	EndGlobalSection
	GlobalSection(SolutionProperties) = preSolution
		HideSolutionNode = FALSE
	EndGlobalSection
	GlobalSection(ExtensibilityGlobals) = postSolution
		SolutionGuid = {20A8BF40-96B4-43A0-ABF0-0E3CE17BDCF0}
	EndGlobalSection
EndGlobal
