
Microsoft Visual Studio Solution File, Format Version 12.00
# Visual Studio Version 17
VisualStudioVersion = 17.6.33829.357
MinimumVisualStudioVersion = 10.0.40219.1
Project("{FAE04EC0-301F-11D3-BF4B-00C04F79EFBC}") = "00 Abecedarian", "00 Abecedarian.csproj", "{7E9C6DDA-2B06-43CA-AFED-00F040F8628A}"
EndProject
Global
	GlobalSection(SolutionConfigurationPlatforms) = preSolution
		Debug|Any CPU = Debug|Any CPU
		Release|Any CPU = Release|Any CPU
	EndGlobalSection
	GlobalSection(ProjectConfigurationPlatforms) = postSolution
		{7E9C6DDA-2B06-43CA-AFED-00F040F8628A}.Debug|Any CPU.ActiveCfg = Debug|Any CPU
		{7E9C6DDA-2B06-43CA-AFED-00F040F8628A}.Debug|Any CPU.Build.0 = Debug|Any CPU
		{7E9C6DDA-2B06-43CA-AFED-00F040F8628A}.Release|Any CPU.ActiveCfg = Release|Any CPU
		{7E9C6DDA-2B06-43CA-AFED-00F040F8628A}.Release|Any CPU.Build.0 = Release|Any CPU
	EndGlobalSection
	GlobalSection(SolutionProperties) = preSolution
		HideSolutionNode = FALSE
	EndGlobalSection
	GlobalSection(ExtensibilityGlobals) = postSolution
		SolutionGuid = {6976ED90-D649-4252-AE18-510BBBCD2DA4}
	EndGlobalSection
EndGlobal
