
Microsoft Visual Studio Solution File, Format Version 12.00
# Visual Studio Version 17
VisualStudioVersion = 17.3.32811.315
MinimumVisualStudioVersion = 10.0.40219.1
Project("{FAE04EC0-301F-11D3-BF4B-00C04F79EFBC}") = "04 Floyd's Triangle", "04 Floyd's Triangle.csproj", "{517AF824-F33E-4ACD-8777-C86FF155CEF6}"
EndProject
Global
	GlobalSection(SolutionConfigurationPlatforms) = preSolution
		Debug|Any CPU = Debug|Any CPU
		Release|Any CPU = Release|Any CPU
	EndGlobalSection
	GlobalSection(ProjectConfigurationPlatforms) = postSolution
		{517AF824-F33E-4ACD-8777-C86FF155CEF6}.Debug|Any CPU.ActiveCfg = Debug|Any CPU
		{517AF824-F33E-4ACD-8777-C86FF155CEF6}.Debug|Any CPU.Build.0 = Debug|Any CPU
		{517AF824-F33E-4ACD-8777-C86FF155CEF6}.Release|Any CPU.ActiveCfg = Release|Any CPU
		{517AF824-F33E-4ACD-8777-C86FF155CEF6}.Release|Any CPU.Build.0 = Release|Any CPU
	EndGlobalSection
	GlobalSection(SolutionProperties) = preSolution
		HideSolutionNode = FALSE
	EndGlobalSection
	GlobalSection(ExtensibilityGlobals) = postSolution
		SolutionGuid = {EB8A98D0-F332-438D-866B-02F86FE80EAF}
	EndGlobalSection
EndGlobal
