
Microsoft Visual Studio Solution File, Format Version 12.00
# Visual Studio Version 17
VisualStudioVersion = 17.3.32811.315
MinimumVisualStudioVersion = 10.0.40219.1
Project("{FAE04EC0-301F-11D3-BF4B-00C04F79EFBC}") = "06 Ending", "06 Ending.csproj", "{52F354ED-E1F3-4DEE-9247-5A4C04DC92AF}"
EndProject
Global
	GlobalSection(SolutionConfigurationPlatforms) = preSolution
		Debug|Any CPU = Debug|Any CPU
		Release|Any CPU = Release|Any CPU
	EndGlobalSection
	GlobalSection(ProjectConfigurationPlatforms) = postSolution
		{52F354ED-E1F3-4DEE-9247-5A4C04DC92AF}.Debug|Any CPU.ActiveCfg = Debug|Any CPU
		{52F354ED-E1F3-4DEE-9247-5A4C04DC92AF}.Debug|Any CPU.Build.0 = Debug|Any CPU
		{52F354ED-E1F3-4DEE-9247-5A4C04DC92AF}.Release|Any CPU.ActiveCfg = Release|Any CPU
		{52F354ED-E1F3-4DEE-9247-5A4C04DC92AF}.Release|Any CPU.Build.0 = Release|Any CPU
	EndGlobalSection
	GlobalSection(SolutionProperties) = preSolution
		HideSolutionNode = FALSE
	EndGlobalSection
	GlobalSection(ExtensibilityGlobals) = postSolution
		SolutionGuid = {DC0F519D-803B-4028-9685-22F1F95CD52E}
	EndGlobalSection
EndGlobal
