
Microsoft Visual Studio Solution File, Format Version 12.00
# Visual Studio Version 17
VisualStudioVersion = 17.3.32811.315
MinimumVisualStudioVersion = 10.0.40219.1
Project("{FAE04EC0-301F-11D3-BF4B-00C04F79EFBC}") = "02 Radius", "02 Radius.csproj", "{FB54243D-9180-492B-85AA-A737D60914AB}"
EndProject
Global
	GlobalSection(SolutionConfigurationPlatforms) = preSolution
		Debug|Any CPU = Debug|Any CPU
		Release|Any CPU = Release|Any CPU
	EndGlobalSection
	GlobalSection(ProjectConfigurationPlatforms) = postSolution
		{FB54243D-9180-492B-85AA-A737D60914AB}.Debug|Any CPU.ActiveCfg = Debug|Any CPU
		{FB54243D-9180-492B-85AA-A737D60914AB}.Debug|Any CPU.Build.0 = Debug|Any CPU
		{FB54243D-9180-492B-85AA-A737D60914AB}.Release|Any CPU.ActiveCfg = Release|Any CPU
		{FB54243D-9180-492B-85AA-A737D60914AB}.Release|Any CPU.Build.0 = Release|Any CPU
	EndGlobalSection
	GlobalSection(SolutionProperties) = preSolution
		HideSolutionNode = FALSE
	EndGlobalSection
	GlobalSection(ExtensibilityGlobals) = postSolution
		SolutionGuid = {DD971CAD-B92C-4A90-AF09-F67CB1001C76}
	EndGlobalSection
EndGlobal
