
Microsoft Visual Studio Solution File, Format Version 12.00
# Visual Studio Version 17
VisualStudioVersion = 17.3.32811.315
MinimumVisualStudioVersion = 10.0.40219.1
Project("{FAE04EC0-301F-11D3-BF4B-00C04F79EFBC}") = "01 Hello World", "01 Hello World.csproj", "{5ED64FCB-A3FD-40CF-85A4-7E1849A42553}"
EndProject
Global
	GlobalSection(SolutionConfigurationPlatforms) = preSolution
		Debug|Any CPU = Debug|Any CPU
		Release|Any CPU = Release|Any CPU
	EndGlobalSection
	GlobalSection(ProjectConfigurationPlatforms) = postSolution
		{5ED64FCB-A3FD-40CF-85A4-7E1849A42553}.Debug|Any CPU.ActiveCfg = Debug|Any CPU
		{5ED64FCB-A3FD-40CF-85A4-7E1849A42553}.Debug|Any CPU.Build.0 = Debug|Any CPU
		{5ED64FCB-A3FD-40CF-85A4-7E1849A42553}.Release|Any CPU.ActiveCfg = Release|Any CPU
		{5ED64FCB-A3FD-40CF-85A4-7E1849A42553}.Release|Any CPU.Build.0 = Release|Any CPU
	EndGlobalSection
	GlobalSection(SolutionProperties) = preSolution
		HideSolutionNode = FALSE
	EndGlobalSection
	GlobalSection(ExtensibilityGlobals) = postSolution
		SolutionGuid = {D45781DA-76F7-4942-9B0B-2C0A5E4096A8}
	EndGlobalSection
EndGlobal
