
Microsoft Visual Studio Solution File, Format Version 12.00
# Visual Studio Version 17
VisualStudioVersion = 17.3.32811.315
MinimumVisualStudioVersion = 10.0.40219.1
Project("{FAE04EC0-301F-11D3-BF4B-00C04F79EFBC}") = "01 Uppercase", "01 Uppercase.csproj", "{7D0CBC45-71C7-4AF8-9A0C-10E68C64D08E}"
EndProject
Global
	GlobalSection(SolutionConfigurationPlatforms) = preSolution
		Debug|Any CPU = Debug|Any CPU
		Release|Any CPU = Release|Any CPU
	EndGlobalSection
	GlobalSection(ProjectConfigurationPlatforms) = postSolution
		{7D0CBC45-71C7-4AF8-9A0C-10E68C64D08E}.Debug|Any CPU.ActiveCfg = Debug|Any CPU
		{7D0CBC45-71C7-4AF8-9A0C-10E68C64D08E}.Debug|Any CPU.Build.0 = Debug|Any CPU
		{7D0CBC45-71C7-4AF8-9A0C-10E68C64D08E}.Release|Any CPU.ActiveCfg = Release|Any CPU
		{7D0CBC45-71C7-4AF8-9A0C-10E68C64D08E}.Release|Any CPU.Build.0 = Release|Any CPU
	EndGlobalSection
	GlobalSection(SolutionProperties) = preSolution
		HideSolutionNode = FALSE
	EndGlobalSection
	GlobalSection(ExtensibilityGlobals) = postSolution
		SolutionGuid = {67919AAF-64A3-4DDD-A60D-EC80C43A9EA4}
	EndGlobalSection
EndGlobal
