
Microsoft Visual Studio Solution File, Format Version 12.00
# Visual Studio Version 17
VisualStudioVersion = 17.3.32811.315
MinimumVisualStudioVersion = 10.0.40219.1
Project("{FAE04EC0-301F-11D3-BF4B-00C04F79EFBC}") = "07 Polynomial", "07 Polynomial.csproj", "{8337D28C-8BD9-4324-8C93-2E6E2033A06A}"
EndProject
Global
	GlobalSection(SolutionConfigurationPlatforms) = preSolution
		Debug|Any CPU = Debug|Any CPU
		Release|Any CPU = Release|Any CPU
	EndGlobalSection
	GlobalSection(ProjectConfigurationPlatforms) = postSolution
		{8337D28C-8BD9-4324-8C93-2E6E2033A06A}.Debug|Any CPU.ActiveCfg = Debug|Any CPU
		{8337D28C-8BD9-4324-8C93-2E6E2033A06A}.Debug|Any CPU.Build.0 = Debug|Any CPU
		{8337D28C-8BD9-4324-8C93-2E6E2033A06A}.Release|Any CPU.ActiveCfg = Release|Any CPU
		{8337D28C-8BD9-4324-8C93-2E6E2033A06A}.Release|Any CPU.Build.0 = Release|Any CPU
	EndGlobalSection
	GlobalSection(SolutionProperties) = preSolution
		HideSolutionNode = FALSE
	EndGlobalSection
	GlobalSection(ExtensibilityGlobals) = postSolution
		SolutionGuid = {15079C6A-F92B-4164-BCCF-4A355EEEBF91}
	EndGlobalSection
EndGlobal
