
Microsoft Visual Studio Solution File, Format Version 12.00
# Visual Studio Version 17
VisualStudioVersion = 17.3.32811.315
MinimumVisualStudioVersion = 10.0.40219.1
Project("{FAE04EC0-301F-11D3-BF4B-00C04F79EFBC}") = "07 Multiplication", "07 Multiplication.csproj", "{E9241259-DE47-435A-BDC2-DA76BD5EFEC4}"
EndProject
Global
	GlobalSection(SolutionConfigurationPlatforms) = preSolution
		Debug|Any CPU = Debug|Any CPU
		Release|Any CPU = Release|Any CPU
	EndGlobalSection
	GlobalSection(ProjectConfigurationPlatforms) = postSolution
		{E9241259-DE47-435A-BDC2-DA76BD5EFEC4}.Debug|Any CPU.ActiveCfg = Debug|Any CPU
		{E9241259-DE47-435A-BDC2-DA76BD5EFEC4}.Debug|Any CPU.Build.0 = Debug|Any CPU
		{E9241259-DE47-435A-BDC2-DA76BD5EFEC4}.Release|Any CPU.ActiveCfg = Release|Any CPU
		{E9241259-DE47-435A-BDC2-DA76BD5EFEC4}.Release|Any CPU.Build.0 = Release|Any CPU
	EndGlobalSection
	GlobalSection(SolutionProperties) = preSolution
		HideSolutionNode = FALSE
	EndGlobalSection
	GlobalSection(ExtensibilityGlobals) = postSolution
		SolutionGuid = {31A72C58-10D0-46C1-80C5-BF56F88E8EAB}
	EndGlobalSection
EndGlobal
